
Microsoft Visual Studio Solution File, Format Version 12.00
# Visual Studio Version 16
VisualStudioVersion = 16.0.29102.190
MinimumVisualStudioVersion = 10.0.40219.1
Project("{FAE04EC0-301F-11D3-BF4B-00C04F79EFBC}") = "WPFTask", "WPFTask\WPFTask.csproj", "{F80B848B-BE6F-477F-9D8A-E843F83F329F}"
EndProject
Global
	GlobalSection(SolutionConfigurationPlatforms) = preSolution
		Debug|Any CPU = Debug|Any CPU
		Release|Any CPU = Release|Any CPU
	EndGlobalSection
	GlobalSection(ProjectConfigurationPlatforms) = postSolution
		{F80B848B-BE6F-477F-9D8A-E843F83F329F}.Debug|Any CPU.ActiveCfg = Debug|Any CPU
		{F80B848B-BE6F-477F-9D8A-E843F83F329F}.Debug|Any CPU.Build.0 = Debug|Any CPU
		{F80B848B-BE6F-477F-9D8A-E843F83F329F}.Release|Any CPU.ActiveCfg = Release|Any CPU
		{F80B848B-BE6F-477F-9D8A-E843F83F329F}.Release|Any CPU.Build.0 = Release|Any CPU
	EndGlobalSection
	GlobalSection(SolutionProperties) = preSolution
		HideSolutionNode = FALSE
	EndGlobalSection
	GlobalSection(ExtensibilityGlobals) = postSolution
		SolutionGuid = {C69B84CB-79EF-4387-BF92-BEAD9D82165B}
	EndGlobalSection
EndGlobal
